
Microsoft Visual Studio Solution File, Format Version 12.00
# Visual Studio Version 17
VisualStudioVersion = 17.1.32210.238
MinimumVisualStudioVersion = 10.0.40219.1
Project("{FAE04EC0-301F-11D3-BF4B-00C04F79EFBC}") = "Ex01_File", "Ex01_File\Ex01_File.csproj", "{7ED2C312-F4C8-4244-BD11-A208FD2F764F}"
EndProject
Project("{FAE04EC0-301F-11D3-BF4B-00C04F79EFBC}") = "Ex02_File_Directory", "Ex02_File_Directory\Ex02_File_Directory.csproj", "{7A01CD16-2194-48F4-B097-6A792C2876CE}"
EndProject
Project("{FAE04EC0-301F-11D3-BF4B-00C04F79EFBC}") = "Ex03_FIleInfo_DirectoryInfo", "Ex03_FIleInfo_DirectoryInfo\Ex03_FIleInfo_DirectoryInfo.csproj", "{AA27D32E-E944-4BB9-A93C-E1EBE81A19F6}"
EndProject
Project("{FAE04EC0-301F-11D3-BF4B-00C04F79EFBC}") = "Ex04_File_Info", "Ex04_File_Info\Ex04_File_Info.csproj", "{5F5EA063-BA95-4C8F-A64A-48161189174F}"
EndProject
Project("{FAE04EC0-301F-11D3-BF4B-00C04F79EFBC}") = "DelTest", "DelTest\DelTest.csproj", "{441456C5-F56F-4425-9D85-DCE0E3CCAC21}"
EndProject
Global
	GlobalSection(SolutionConfigurationPlatforms) = preSolution
		Debug|Any CPU = Debug|Any CPU
		Release|Any CPU = Release|Any CPU
	EndGlobalSection
	GlobalSection(ProjectConfigurationPlatforms) = postSolution
		{7ED2C312-F4C8-4244-BD11-A208FD2F764F}.Debug|Any CPU.ActiveCfg = Debug|Any CPU
		{7ED2C312-F4C8-4244-BD11-A208FD2F764F}.Debug|Any CPU.Build.0 = Debug|Any CPU
		{7ED2C312-F4C8-4244-BD11-A208FD2F764F}.Release|Any CPU.ActiveCfg = Release|Any CPU
		{7ED2C312-F4C8-4244-BD11-A208FD2F764F}.Release|Any CPU.Build.0 = Release|Any CPU
		{7A01CD16-2194-48F4-B097-6A792C2876CE}.Debug|Any CPU.ActiveCfg = Debug|Any CPU
		{7A01CD16-2194-48F4-B097-6A792C2876CE}.Debug|Any CPU.Build.0 = Debug|Any CPU
		{7A01CD16-2194-48F4-B097-6A792C2876CE}.Release|Any CPU.ActiveCfg = Release|Any CPU
		{7A01CD16-2194-48F4-B097-6A792C2876CE}.Release|Any CPU.Build.0 = Release|Any CPU
		{AA27D32E-E944-4BB9-A93C-E1EBE81A19F6}.Debug|Any CPU.ActiveCfg = Debug|Any CPU
		{AA27D32E-E944-4BB9-A93C-E1EBE81A19F6}.Debug|Any CPU.Build.0 = Debug|Any CPU
		{AA27D32E-E944-4BB9-A93C-E1EBE81A19F6}.Release|Any CPU.ActiveCfg = Release|Any CPU
		{AA27D32E-E944-4BB9-A93C-E1EBE81A19F6}.Release|Any CPU.Build.0 = Release|Any CPU
		{5F5EA063-BA95-4C8F-A64A-48161189174F}.Debug|Any CPU.ActiveCfg = Debug|Any CPU
		{5F5EA063-BA95-4C8F-A64A-48161189174F}.Debug|Any CPU.Build.0 = Debug|Any CPU
		{5F5EA063-BA95-4C8F-A64A-48161189174F}.Release|Any CPU.ActiveCfg = Release|Any CPU
		{5F5EA063-BA95-4C8F-A64A-48161189174F}.Release|Any CPU.Build.0 = Release|Any CPU
		{441456C5-F56F-4425-9D85-DCE0E3CCAC21}.Debug|Any CPU.ActiveCfg = Debug|Any CPU
		{441456C5-F56F-4425-9D85-DCE0E3CCAC21}.Debug|Any CPU.Build.0 = Debug|Any CPU
		{441456C5-F56F-4425-9D85-DCE0E3CCAC21}.Release|Any CPU.ActiveCfg = Release|Any CPU
		{441456C5-F56F-4425-9D85-DCE0E3CCAC21}.Release|Any CPU.Build.0 = Release|Any CPU
	EndGlobalSection
	GlobalSection(SolutionProperties) = preSolution
		HideSolutionNode = FALSE
	EndGlobalSection
	GlobalSection(ExtensibilityGlobals) = postSolution
		SolutionGuid = {B45F1697-83CC-4F80-A9A9-EFC5C1A7FB46}
	EndGlobalSection
EndGlobal
